
Microsoft Visual Studio Solution File, Format Version 12.00
# Visual Studio Version 17
VisualStudioVersion = 17.13.35828.75 d17.13
MinimumVisualStudioVersion = 10.0.40219.1
Project("{FAE04EC0-301F-11D3-BF4B-00C04F79EFBC}") = "starting-codeing", "starting-codeing\starting-codeing.csproj", "{4C3B1EB1-E8B4-4FA5-B9EA-5C8FEB6D2E8A}"
EndProject
Global
	GlobalSection(SolutionConfigurationPlatforms) = preSolution
		Debug|Any CPU = Debug|Any CPU
		Release|Any CPU = Release|Any CPU
	EndGlobalSection
	GlobalSection(ProjectConfigurationPlatforms) = postSolution
		{4C3B1EB1-E8B4-4FA5-B9EA-5C8FEB6D2E8A}.Debug|Any CPU.ActiveCfg = Debug|Any CPU
		{4C3B1EB1-E8B4-4FA5-B9EA-5C8FEB6D2E8A}.Debug|Any CPU.Build.0 = Debug|Any CPU
		{4C3B1EB1-E8B4-4FA5-B9EA-5C8FEB6D2E8A}.Release|Any CPU.ActiveCfg = Release|Any CPU
		{4C3B1EB1-E8B4-4FA5-B9EA-5C8FEB6D2E8A}.Release|Any CPU.Build.0 = Release|Any CPU
	EndGlobalSection
	GlobalSection(SolutionProperties) = preSolution
		HideSolutionNode = FALSE
	EndGlobalSection
	GlobalSection(ExtensibilityGlobals) = postSolution
		SolutionGuid = {421313C9-6F45-488D-BF99-05E4DD60BC56}
	EndGlobalSection
EndGlobal
